
Microsoft Visual Studio Solution File, Format Version 12.00
# Visual Studio Version 16
VisualStudioVersion = 16.0.29709.97
MinimumVisualStudioVersion = 10.0.40219.1
Project("{FAE04EC0-301F-11D3-BF4B-00C04F79EFBC}") = "Web", "Web\Web.csproj", "{9EA1FAC5-A0E5-493C-A89E-03BC37C8C235}"
EndProject
Global
	GlobalSection(SolutionConfigurationPlatforms) = preSolution
		Debug|Any CPU = Debug|Any CPU
		Release|Any CPU = Release|Any CPU
	EndGlobalSection
	GlobalSection(ProjectConfigurationPlatforms) = postSolution
		{9EA1FAC5-A0E5-493C-A89E-03BC37C8C235}.Debug|Any CPU.ActiveCfg = Debug|Any CPU
		{9EA1FAC5-A0E5-493C-A89E-03BC37C8C235}.Debug|Any CPU.Build.0 = Debug|Any CPU
		{9EA1FAC5-A0E5-493C-A89E-03BC37C8C235}.Release|Any CPU.ActiveCfg = Release|Any CPU
		{9EA1FAC5-A0E5-493C-A89E-03BC37C8C235}.Release|Any CPU.Build.0 = Release|Any CPU
	EndGlobalSection
	GlobalSection(SolutionProperties) = preSolution
		HideSolutionNode = FALSE
	EndGlobalSection
	GlobalSection(ExtensibilityGlobals) = postSolution
		SolutionGuid = {C34D2C21-3F37-4E40-A86C-CE8034844459}
	EndGlobalSection
EndGlobal
